
Microsoft Visual Studio Solution File, Format Version 12.00
# Visual Studio Version 17
VisualStudioVersion = 17.9.34728.123
MinimumVisualStudioVersion = 10.0.40219.1
Project("{9A19103F-16F7-4668-BE54-9A1E7A4F7556}") = "StoryTeller.API", "StoryTeller.API\StoryTeller.API.csproj", "{F957B8A1-7D77-4515-B3D5-1E5C1640178C}"
EndProject
Project("{9A19103F-16F7-4668-BE54-9A1E7A4F7556}") = "StoryTeller.Services", "StoryTeller.Services\StoryTeller.Services.csproj", "{96A33F3A-A4D2-447E-ABE0-54A0FB93325C}"
EndProject
Project("{9A19103F-16F7-4668-BE54-9A1E7A4F7556}") = "StoryTeller.Data", "StoryTeller.Data\StoryTeller.Data.csproj", "{A607C764-FAC5-477A-988E-868B56439F56}"
EndProject
Project("{2150E333-8FDC-42A3-9474-1A3956D46DE8}") = "API", "API", "{93CF7D3A-4B4C-4394-9ED3-C74CF19556A9}"
EndProject
Project("{2150E333-8FDC-42A3-9474-1A3956D46DE8}") = "Business", "Business", "{BB928D9F-E03E-4549-8A28-D7862C1AC201}"
EndProject
Project("{2150E333-8FDC-42A3-9474-1A3956D46DE8}") = "Repository", "Repository", "{E8A71C1F-8A2C-45D7-963E-C6574EDFA6F8}"
EndProject
Project("{2150E333-8FDC-42A3-9474-1A3956D46DE8}") = "ThirdPartyLibraries", "ThirdPartyLibraries", "{255FD6C8-76DB-4442-AEBE-2DBD823B0FB4}"
EndProject
Project("{9A19103F-16F7-4668-BE54-9A1E7A4F7556}") = "VNPAY.NET", "VNPAY.NET\VNPAY.NET.csproj", "{F3552D9F-B7BD-40EC-ADAF-21BA9B4EA6DB}"
EndProject
Project("{2150E333-8FDC-42A3-9474-1A3956D46DE8}") = "Tests", "Tests", "{E49C70CC-5EB9-4CCF-BD14-D72DCD503F94}"
EndProject
Project("{FAE04EC0-301F-11D3-BF4B-00C04F79EFBC}") = "Infrastructures.Tests", "StoryTeller.Tests\Infrastructures.Tests\Infrastructures.Tests.csproj", "{5E386F52-E6A0-4BD2-92A9-923BFE5AF8FB}"
EndProject
Project("{FAE04EC0-301F-11D3-BF4B-00C04F79EFBC}") = "WebAPI.Tests", "StoryTeller.Tests\WebAPI.Tests\WebAPI.Tests.csproj", "{2474F503-0D53-4366-8202-29170B36D4ED}"
EndProject
Project("{FAE04EC0-301F-11D3-BF4B-00C04F79EFBC}") = "Domain.Tests", "StoryTeller.Tests\Domain.Tests\Domain.Tests.csproj", "{824512C5-A1D5-4921-9F91-ED738F2E34BF}"
EndProject
Project("{FAE04EC0-301F-11D3-BF4B-00C04F79EFBC}") = "Application.Tests", "StoryTeller.Tests\Application.Tests\Application.Tests.csproj", "{AB8047D8-170C-4DD9-B2C7-4900D6B2260B}"
EndProject
Global
	GlobalSection(SolutionConfigurationPlatforms) = preSolution
		Debug|Any CPU = Debug|Any CPU
		Release|Any CPU = Release|Any CPU
	EndGlobalSection
	GlobalSection(ProjectConfigurationPlatforms) = postSolution
		{F957B8A1-7D77-4515-B3D5-1E5C1640178C}.Debug|Any CPU.ActiveCfg = Debug|Any CPU
		{F957B8A1-7D77-4515-B3D5-1E5C1640178C}.Debug|Any CPU.Build.0 = Debug|Any CPU
		{F957B8A1-7D77-4515-B3D5-1E5C1640178C}.Release|Any CPU.ActiveCfg = Release|Any CPU
		{F957B8A1-7D77-4515-B3D5-1E5C1640178C}.Release|Any CPU.Build.0 = Release|Any CPU
		{96A33F3A-A4D2-447E-ABE0-54A0FB93325C}.Debug|Any CPU.ActiveCfg = Debug|Any CPU
		{96A33F3A-A4D2-447E-ABE0-54A0FB93325C}.Debug|Any CPU.Build.0 = Debug|Any CPU
		{96A33F3A-A4D2-447E-ABE0-54A0FB93325C}.Release|Any CPU.ActiveCfg = Release|Any CPU
		{96A33F3A-A4D2-447E-ABE0-54A0FB93325C}.Release|Any CPU.Build.0 = Release|Any CPU
		{A607C764-FAC5-477A-988E-868B56439F56}.Debug|Any CPU.ActiveCfg = Debug|Any CPU
		{A607C764-FAC5-477A-988E-868B56439F56}.Debug|Any CPU.Build.0 = Debug|Any CPU
		{A607C764-FAC5-477A-988E-868B56439F56}.Release|Any CPU.ActiveCfg = Release|Any CPU
		{A607C764-FAC5-477A-988E-868B56439F56}.Release|Any CPU.Build.0 = Release|Any CPU
		{F3552D9F-B7BD-40EC-ADAF-21BA9B4EA6DB}.Debug|Any CPU.ActiveCfg = Debug|Any CPU
		{F3552D9F-B7BD-40EC-ADAF-21BA9B4EA6DB}.Debug|Any CPU.Build.0 = Debug|Any CPU
		{F3552D9F-B7BD-40EC-ADAF-21BA9B4EA6DB}.Release|Any CPU.ActiveCfg = Release|Any CPU
		{F3552D9F-B7BD-40EC-ADAF-21BA9B4EA6DB}.Release|Any CPU.Build.0 = Release|Any CPU
		{5E386F52-E6A0-4BD2-92A9-923BFE5AF8FB}.Debug|Any CPU.ActiveCfg = Debug|Any CPU
		{5E386F52-E6A0-4BD2-92A9-923BFE5AF8FB}.Debug|Any CPU.Build.0 = Debug|Any CPU
		{5E386F52-E6A0-4BD2-92A9-923BFE5AF8FB}.Release|Any CPU.ActiveCfg = Release|Any CPU
		{5E386F52-E6A0-4BD2-92A9-923BFE5AF8FB}.Release|Any CPU.Build.0 = Release|Any CPU
		{2474F503-0D53-4366-8202-29170B36D4ED}.Debug|Any CPU.ActiveCfg = Debug|Any CPU
		{2474F503-0D53-4366-8202-29170B36D4ED}.Debug|Any CPU.Build.0 = Debug|Any CPU
		{2474F503-0D53-4366-8202-29170B36D4ED}.Release|Any CPU.ActiveCfg = Release|Any CPU
		{2474F503-0D53-4366-8202-29170B36D4ED}.Release|Any CPU.Build.0 = Release|Any CPU
		{824512C5-A1D5-4921-9F91-ED738F2E34BF}.Debug|Any CPU.ActiveCfg = Debug|Any CPU
		{824512C5-A1D5-4921-9F91-ED738F2E34BF}.Debug|Any CPU.Build.0 = Debug|Any CPU
		{824512C5-A1D5-4921-9F91-ED738F2E34BF}.Release|Any CPU.ActiveCfg = Release|Any CPU
		{824512C5-A1D5-4921-9F91-ED738F2E34BF}.Release|Any CPU.Build.0 = Release|Any CPU
		{AB8047D8-170C-4DD9-B2C7-4900D6B2260B}.Debug|Any CPU.ActiveCfg = Debug|Any CPU
		{AB8047D8-170C-4DD9-B2C7-4900D6B2260B}.Debug|Any CPU.Build.0 = Debug|Any CPU
		{AB8047D8-170C-4DD9-B2C7-4900D6B2260B}.Release|Any CPU.ActiveCfg = Release|Any CPU
		{AB8047D8-170C-4DD9-B2C7-4900D6B2260B}.Release|Any CPU.Build.0 = Release|Any CPU
	EndGlobalSection
	GlobalSection(SolutionProperties) = preSolution
		HideSolutionNode = FALSE
	EndGlobalSection
	GlobalSection(NestedProjects) = preSolution
		{F957B8A1-7D77-4515-B3D5-1E5C1640178C} = {93CF7D3A-4B4C-4394-9ED3-C74CF19556A9}
		{96A33F3A-A4D2-447E-ABE0-54A0FB93325C} = {BB928D9F-E03E-4549-8A28-D7862C1AC201}
		{A607C764-FAC5-477A-988E-868B56439F56} = {E8A71C1F-8A2C-45D7-963E-C6574EDFA6F8}
		{F3552D9F-B7BD-40EC-ADAF-21BA9B4EA6DB} = {255FD6C8-76DB-4442-AEBE-2DBD823B0FB4}
		{5E386F52-E6A0-4BD2-92A9-923BFE5AF8FB} = {E49C70CC-5EB9-4CCF-BD14-D72DCD503F94}
		{2474F503-0D53-4366-8202-29170B36D4ED} = {E49C70CC-5EB9-4CCF-BD14-D72DCD503F94}
		{824512C5-A1D5-4921-9F91-ED738F2E34BF} = {E49C70CC-5EB9-4CCF-BD14-D72DCD503F94}
		{AB8047D8-170C-4DD9-B2C7-4900D6B2260B} = {E49C70CC-5EB9-4CCF-BD14-D72DCD503F94}
	EndGlobalSection
	GlobalSection(ExtensibilityGlobals) = postSolution
		SolutionGuid = {E51EFDAE-0E98-4B19-8027-A9CAC25307DF}
	EndGlobalSection
EndGlobal
